// !$*UTF8*$!
{
	archiveVersion = 1;
	classes = {
	};
	objectVersion = 52;
	objects = {

/* Begin PBXBuildFile section */
		0705EBE626A62EF300604583 /* MarvelAPIManager.swift in Sources */ = {isa = PBXBuildFile; fileRef = 0705EBE526A62EF300604583 /* MarvelAPIManager.swift */; };
		070B639F26AB1747009B59F7 /* Localizable.strings in Resources */ = {isa = PBXBuildFile; fileRef = 070B639E26AB1747009B59F7 /* Localizable.strings */; };
		072FB3AA2691F94B00886508 /* SplashScreen.storyboard in Resources */ = {isa = PBXBuildFile; fileRef = 072FB3A92691F94B00886508 /* SplashScreen.storyboard */; };
		072FB3CA2693A95400886508 /* SpashScreenViewModel.swift in Sources */ = {isa = PBXBuildFile; fileRef = 072FB3C92693A95400886508 /* SpashScreenViewModel.swift */; };
		072FB3CE2693A96A00886508 /* DataClass.swift in Sources */ = {isa = PBXBuildFile; fileRef = 072FB3CD2693A96A00886508 /* DataClass.swift */; };
		072FB3D52693AC3E00886508 /* MainView.swift in Sources */ = {isa = PBXBuildFile; fileRef = 072FB3D42693AC3E00886508 /* MainView.swift */; };
		072FB3DB2693AC4B00886508 /* MainViewModel.swift in Sources */ = {isa = PBXBuildFile; fileRef = 072FB3DA2693AC4B00886508 /* MainViewModel.swift */; };
		072FB3DF2693AC5A00886508 /* URLElement.swift in Sources */ = {isa = PBXBuildFile; fileRef = 072FB3DE2693AC5A00886508 /* URLElement.swift */; };
		072FB3E32693B4DB00886508 /* ConnectionManager in Frameworks */ = {isa = PBXBuildFile; productRef = 072FB3E22693B4DB00886508 /* ConnectionManager */; };
		072FB3E42693B4DB00886508 /* ConnectionManager in Embed Frameworks */ = {isa = PBXBuildFile; productRef = 072FB3E22693B4DB00886508 /* ConnectionManager */; settings = {ATTRIBUTES = (CodeSignOnCopy, ); }; };
		072FB3EC2693B4DB00886508 /* ReachabilityManager in Frameworks */ = {isa = PBXBuildFile; productRef = 072FB3EB2693B4DB00886508 /* ReachabilityManager */; };
		072FB3ED2693B4DB00886508 /* ReachabilityManager in Embed Frameworks */ = {isa = PBXBuildFile; productRef = 072FB3EB2693B4DB00886508 /* ReachabilityManager */; settings = {ATTRIBUTES = (CodeSignOnCopy, ); }; };
		072FB3F12694F7BE00886508 /* Router.swift in Sources */ = {isa = PBXBuildFile; fileRef = 072FB3F02694F7BE00886508 /* Router.swift */; };
		072FB3F82694FFDD00886508 /* Result.swift in Sources */ = {isa = PBXBuildFile; fileRef = 072FB3F52694FFDD00886508 /* Result.swift */; };
		072FB3F92694FFDD00886508 /* CharacterDetailViewModel.swift in Sources */ = {isa = PBXBuildFile; fileRef = 072FB3F62694FFDD00886508 /* CharacterDetailViewModel.swift */; };
		072FB3FA2694FFDD00886508 /* CharacterDetailView.swift in Sources */ = {isa = PBXBuildFile; fileRef = 072FB3F72694FFDD00886508 /* CharacterDetailView.swift */; };
		072FB3FF2695074D00886508 /* ReplaceSegue.swift in Sources */ = {isa = PBXBuildFile; fileRef = 072FB3FE2695074D00886508 /* ReplaceSegue.swift */; };
		072FB40C269510B900886508 /* Constants.swift in Sources */ = {isa = PBXBuildFile; fileRef = 072FB40B269510B900886508 /* Constants.swift */; };
		072FB412269514C800886508 /* Helpers in Frameworks */ = {isa = PBXBuildFile; productRef = 072FB411269514C800886508 /* Helpers */; };
		072FB413269514C800886508 /* Helpers in Embed Frameworks */ = {isa = PBXBuildFile; productRef = 072FB411269514C800886508 /* Helpers */; settings = {ATTRIBUTES = (CodeSignOnCopy, ); }; };
		0770523726A0F9A300782A49 /* SimplyLogger in Frameworks */ = {isa = PBXBuildFile; productRef = 0770523626A0F9A300782A49 /* SimplyLogger */; };
		0770523C26A0F9D200782A49 /* SwiftMagicHelpers in Frameworks */ = {isa = PBXBuildFile; productRef = 0770523B26A0F9D200782A49 /* SwiftMagicHelpers */; };
		0770524426A0FC3300782A49 /* MarvelUIKitManager in Frameworks */ = {isa = PBXBuildFile; productRef = 0770524326A0FC3300782A49 /* MarvelUIKitManager */; };
		0770524A26A1001900782A49 /* CharacterCell.xib in Resources */ = {isa = PBXBuildFile; fileRef = 0770524926A1001900782A49 /* CharacterCell.xib */; };
		0770527D26A1083000782A49 /* CharacterCell.swift in Sources */ = {isa = PBXBuildFile; fileRef = 0770527C26A1083000782A49 /* CharacterCell.swift */; };
		077782AA269C8B1A0065248D /* Alamofire in Frameworks */ = {isa = PBXBuildFile; productRef = 077782A9269C8B1A0065248D /* Alamofire */; };
		077782AF269C8FA20065248D /* IntegirtySwift in Frameworks */ = {isa = PBXBuildFile; productRef = 077782AE269C8FA20065248D /* IntegirtySwift */; };
		077782B9269DE6B10065248D /* CryptoSwift in Frameworks */ = {isa = PBXBuildFile; productRef = 077782B8269DE6B10065248D /* CryptoSwift */; };
		079BE9F0268F5D4100A8FD4D /* AppDelegate.swift in Sources */ = {isa = PBXBuildFile; fileRef = 079BE9EF268F5D4100A8FD4D /* AppDelegate.swift */; };
		079BE9F4268F5D4100A8FD4D /* SplashScreenView.swift in Sources */ = {isa = PBXBuildFile; fileRef = 079BE9F3268F5D4100A8FD4D /* SplashScreenView.swift */; };
		079BE9F7268F5D4100A8FD4D /* Main.storyboard in Resources */ = {isa = PBXBuildFile; fileRef = 079BE9F5268F5D4100A8FD4D /* Main.storyboard */; };
		079BE9F9268F5D4200A8FD4D /* Assets.xcassets in Resources */ = {isa = PBXBuildFile; fileRef = 079BE9F8268F5D4200A8FD4D /* Assets.xcassets */; };
		079BE9FC268F5D4200A8FD4D /* LaunchScreen.storyboard in Resources */ = {isa = PBXBuildFile; fileRef = 079BE9FA268F5D4200A8FD4D /* LaunchScreen.storyboard */; };
		079BEA07268F5D4200A8FD4D /* MarvelCodeTests.swift in Sources */ = {isa = PBXBuildFile; fileRef = 079BEA06268F5D4200A8FD4D /* MarvelCodeTests.swift */; };
		079BEA12268F5D4200A8FD4D /* MarvelCodeUITests.swift in Sources */ = {isa = PBXBuildFile; fileRef = 079BEA11268F5D4200A8FD4D /* MarvelCodeUITests.swift */; };
		07CBFAEF26AA3E8400FA06CF /* APIParams.swift in Sources */ = {isa = PBXBuildFile; fileRef = 07CBFAEE26AA3E8400FA06CF /* APIParams.swift */; };
		07F7B70426A32021004F321B /* BaseViewController.swift in Sources */ = {isa = PBXBuildFile; fileRef = 07F7B70326A32021004F321B /* BaseViewController.swift */; };
		07F7B70A26A46B20004F321B /* CharacterDetail.storyboard in Resources */ = {isa = PBXBuildFile; fileRef = 07F7B70926A46B20004F321B /* CharacterDetail.storyboard */; };
		07F7B71D26A627E9004F321B /* MarvelResponse.swift in Sources */ = {isa = PBXBuildFile; fileRef = 07F7B71C26A627E8004F321B /* MarvelResponse.swift */; };
		07F7B72326A62827004F321B /* Comics.swift in Sources */ = {isa = PBXBuildFile; fileRef = 07F7B72226A62827004F321B /* Comics.swift */; };
		07F7B72726A62854004F321B /* Stories.swift in Sources */ = {isa = PBXBuildFile; fileRef = 07F7B72626A62854004F321B /* Stories.swift */; };
		07F7B72B26A6287B004F321B /* Thumbnail.swift in Sources */ = {isa = PBXBuildFile; fileRef = 07F7B72A26A6287B004F321B /* Thumbnail.swift */; };
/* End PBXBuildFile section */

/* Begin PBXContainerItemProxy section */
		079BEA03268F5D4200A8FD4D /* PBXContainerItemProxy */ = {
			isa = PBXContainerItemProxy;
			containerPortal = 079BE9E4268F5D4100A8FD4D /* Project object */;
			proxyType = 1;
			remoteGlobalIDString = 079BE9EB268F5D4100A8FD4D;
			remoteInfo = MarvelCode;
		};
		079BEA0E268F5D4200A8FD4D /* PBXContainerItemProxy */ = {
			isa = PBXContainerItemProxy;
			containerPortal = 079BE9E4268F5D4100A8FD4D /* Project object */;
			proxyType = 1;
			remoteGlobalIDString = 079BE9EB268F5D4100A8FD4D;
			remoteInfo = MarvelCode;
		};
/* End PBXContainerItemProxy section */

/* Begin PBXCopyFilesBuildPhase section */
		07B3689B26918AA9004F9896 /* Embed Frameworks */ = {
			isa = PBXCopyFilesBuildPhase;
			buildActionMask = 2147483647;
			dstPath = "";
			dstSubfolderSpec = 10;
			files = (
				072FB3E42693B4DB00886508 /* ConnectionManager in Embed Frameworks */,
				072FB413269514C800886508 /* Helpers in Embed Frameworks */,
				072FB3ED2693B4DB00886508 /* ReachabilityManager in Embed Frameworks */,
			);
			name = "Embed Frameworks";
			runOnlyForDeploymentPostprocessing = 0;
		};
/* End PBXCopyFilesBuildPhase section */

/* Begin PBXFileReference section */
		0705EBE526A62EF300604583 /* MarvelAPIManager.swift */ = {isa = PBXFileReference; fileEncoding = 4; lastKnownFileType = sourcecode.swift; path = MarvelAPIManager.swift; sourceTree = "<group>"; };
		070B639E26AB1747009B59F7 /* Localizable.strings */ = {isa = PBXFileReference; lastKnownFileType = text.plist.strings; path = Localizable.strings; sourceTree = "<group>"; };
		072FB3A92691F94B00886508 /* SplashScreen.storyboard */ = {isa = PBXFileReference; lastKnownFileType = file.storyboard; path = SplashScreen.storyboard; sourceTree = "<group>"; };
		072FB3C92693A95400886508 /* SpashScreenViewModel.swift */ = {isa = PBXFileReference; lastKnownFileType = sourcecode.swift; path = SpashScreenViewModel.swift; sourceTree = "<group>"; };
		072FB3CD2693A96A00886508 /* DataClass.swift */ = {isa = PBXFileReference; lastKnownFileType = sourcecode.swift; path = DataClass.swift; sourceTree = "<group>"; };
		072FB3D42693AC3E00886508 /* MainView.swift */ = {isa = PBXFileReference; lastKnownFileType = sourcecode.swift; path = MainView.swift; sourceTree = "<group>"; };
		072FB3DA2693AC4B00886508 /* MainViewModel.swift */ = {isa = PBXFileReference; lastKnownFileType = sourcecode.swift; path = MainViewModel.swift; sourceTree = "<group>"; };
		072FB3DE2693AC5A00886508 /* URLElement.swift */ = {isa = PBXFileReference; lastKnownFileType = sourcecode.swift; path = URLElement.swift; sourceTree = "<group>"; };
		072FB3F02694F7BE00886508 /* Router.swift */ = {isa = PBXFileReference; lastKnownFileType = sourcecode.swift; path = Router.swift; sourceTree = "<group>"; };
		072FB3F52694FFDD00886508 /* Result.swift */ = {isa = PBXFileReference; fileEncoding = 4; lastKnownFileType = sourcecode.swift; path = Result.swift; sourceTree = "<group>"; };
		072FB3F62694FFDD00886508 /* CharacterDetailViewModel.swift */ = {isa = PBXFileReference; fileEncoding = 4; lastKnownFileType = sourcecode.swift; path = CharacterDetailViewModel.swift; sourceTree = "<group>"; };
		072FB3F72694FFDD00886508 /* CharacterDetailView.swift */ = {isa = PBXFileReference; fileEncoding = 4; lastKnownFileType = sourcecode.swift; path = CharacterDetailView.swift; sourceTree = "<group>"; };
		072FB3FE2695074D00886508 /* ReplaceSegue.swift */ = {isa = PBXFileReference; lastKnownFileType = sourcecode.swift; path = ReplaceSegue.swift; sourceTree = "<group>"; };
		072FB40B269510B900886508 /* Constants.swift */ = {isa = PBXFileReference; lastKnownFileType = sourcecode.swift; path = Constants.swift; sourceTree = "<group>"; };
		0770524926A1001900782A49 /* CharacterCell.xib */ = {isa = PBXFileReference; lastKnownFileType = file.xib; path = CharacterCell.xib; sourceTree = "<group>"; };
		0770527C26A1083000782A49 /* CharacterCell.swift */ = {isa = PBXFileReference; lastKnownFileType = sourcecode.swift; path = CharacterCell.swift; sourceTree = "<group>"; };
		079BE9EC268F5D4100A8FD4D /* MarvelCode.app */ = {isa = PBXFileReference; explicitFileType = wrapper.application; includeInIndex = 0; path = MarvelCode.app; sourceTree = BUILT_PRODUCTS_DIR; };
		079BE9EF268F5D4100A8FD4D /* AppDelegate.swift */ = {isa = PBXFileReference; lastKnownFileType = sourcecode.swift; path = AppDelegate.swift; sourceTree = "<group>"; };
		079BE9F3268F5D4100A8FD4D /* SplashScreenView.swift */ = {isa = PBXFileReference; lastKnownFileType = sourcecode.swift; path = SplashScreenView.swift; sourceTree = "<group>"; };
		079BE9F6268F5D4100A8FD4D /* Base */ = {isa = PBXFileReference; lastKnownFileType = file.storyboard; name = Base; path = Base.lproj/Main.storyboard; sourceTree = "<group>"; };
		079BE9F8268F5D4200A8FD4D /* Assets.xcassets */ = {isa = PBXFileReference; lastKnownFileType = folder.assetcatalog; path = Assets.xcassets; sourceTree = "<group>"; };
		079BE9FB268F5D4200A8FD4D /* Base */ = {isa = PBXFileReference; lastKnownFileType = file.storyboard; name = Base; path = Base.lproj/LaunchScreen.storyboard; sourceTree = "<group>"; };
		079BE9FD268F5D4200A8FD4D /* Info.plist */ = {isa = PBXFileReference; lastKnownFileType = text.plist.xml; path = Info.plist; sourceTree = "<group>"; };
		079BEA02268F5D4200A8FD4D /* MarvelCodeTests.xctest */ = {isa = PBXFileReference; explicitFileType = wrapper.cfbundle; includeInIndex = 0; path = MarvelCodeTests.xctest; sourceTree = BUILT_PRODUCTS_DIR; };
		079BEA06268F5D4200A8FD4D /* MarvelCodeTests.swift */ = {isa = PBXFileReference; lastKnownFileType = sourcecode.swift; path = MarvelCodeTests.swift; sourceTree = "<group>"; };
		079BEA08268F5D4200A8FD4D /* Info.plist */ = {isa = PBXFileReference; lastKnownFileType = text.plist.xml; path = Info.plist; sourceTree = "<group>"; };
		079BEA0D268F5D4200A8FD4D /* MarvelCodeUITests.xctest */ = {isa = PBXFileReference; explicitFileType = wrapper.cfbundle; includeInIndex = 0; path = MarvelCodeUITests.xctest; sourceTree = BUILT_PRODUCTS_DIR; };
		079BEA11268F5D4200A8FD4D /* MarvelCodeUITests.swift */ = {isa = PBXFileReference; lastKnownFileType = sourcecode.swift; path = MarvelCodeUITests.swift; sourceTree = "<group>"; };
		079BEA13268F5D4200A8FD4D /* Info.plist */ = {isa = PBXFileReference; lastKnownFileType = text.plist.xml; path = Info.plist; sourceTree = "<group>"; };
		079BEA56268F65B500A8FD4D /* MarvelManagers */ = {isa = PBXFileReference; lastKnownFileType = folder; path = MarvelManagers; sourceTree = "<group>"; };
		07B0C81426964AA300A049A4 /* Config.xcconfig */ = {isa = PBXFileReference; lastKnownFileType = text.xcconfig; path = Config.xcconfig; sourceTree = "<group>"; };
		07CBFAEE26AA3E8400FA06CF /* APIParams.swift */ = {isa = PBXFileReference; lastKnownFileType = sourcecode.swift; path = APIParams.swift; sourceTree = "<group>"; };
		07F7B70326A32021004F321B /* BaseViewController.swift */ = {isa = PBXFileReference; lastKnownFileType = sourcecode.swift; path = BaseViewController.swift; sourceTree = "<group>"; };
		07F7B70926A46B20004F321B /* CharacterDetail.storyboard */ = {isa = PBXFileReference; lastKnownFileType = file.storyboard; path = CharacterDetail.storyboard; sourceTree = "<group>"; };
		07F7B71C26A627E8004F321B /* MarvelResponse.swift */ = {isa = PBXFileReference; lastKnownFileType = sourcecode.swift; path = MarvelResponse.swift; sourceTree = "<group>"; };
		07F7B72226A62827004F321B /* Comics.swift */ = {isa = PBXFileReference; lastKnownFileType = sourcecode.swift; path = Comics.swift; sourceTree = "<group>"; };
		07F7B72626A62854004F321B /* Stories.swift */ = {isa = PBXFileReference; lastKnownFileType = sourcecode.swift; path = Stories.swift; sourceTree = "<group>"; };
		07F7B72A26A6287B004F321B /* Thumbnail.swift */ = {isa = PBXFileReference; lastKnownFileType = sourcecode.swift; path = Thumbnail.swift; sourceTree = "<group>"; };
/* End PBXFileReference section */

/* Begin PBXFrameworksBuildPhase section */
		079BE9E9268F5D4100A8FD4D /* Frameworks */ = {
			isa = PBXFrameworksBuildPhase;
			buildActionMask = 2147483647;
			files = (
				072FB3E32693B4DB00886508 /* ConnectionManager in Frameworks */,
				077782B9269DE6B10065248D /* CryptoSwift in Frameworks */,
				0770523726A0F9A300782A49 /* SimplyLogger in Frameworks */,
				077782AA269C8B1A0065248D /* Alamofire in Frameworks */,
				077782AF269C8FA20065248D /* IntegirtySwift in Frameworks */,
				072FB412269514C800886508 /* Helpers in Frameworks */,
				072FB3EC2693B4DB00886508 /* ReachabilityManager in Frameworks */,
				0770523C26A0F9D200782A49 /* SwiftMagicHelpers in Frameworks */,
				0770524426A0FC3300782A49 /* MarvelUIKitManager in Frameworks */,
			);
			runOnlyForDeploymentPostprocessing = 0;
		};
		079BE9FF268F5D4200A8FD4D /* Frameworks */ = {
			isa = PBXFrameworksBuildPhase;
			buildActionMask = 2147483647;
			files = (
			);
			runOnlyForDeploymentPostprocessing = 0;
		};
		079BEA0A268F5D4200A8FD4D /* Frameworks */ = {
			isa = PBXFrameworksBuildPhase;
			buildActionMask = 2147483647;
			files = (
			);
			runOnlyForDeploymentPostprocessing = 0;
		};
/* End PBXFrameworksBuildPhase section */

/* Begin PBXGroup section */
		0705EBE426A62ECF00604583 /* LocalManagers */ = {
			isa = PBXGroup;
			children = (
				0705EBE526A62EF300604583 /* MarvelAPIManager.swift */,
			);
			path = LocalManagers;
			sourceTree = "<group>";
		};
		072FB3FD2695073800886508 /* CustomClasses */ = {
			isa = PBXGroup;
			children = (
				072FB3FE2695074D00886508 /* ReplaceSegue.swift */,
			);
			path = CustomClasses;
			sourceTree = "<group>";
		};
		0770524726A0FFD500782A49 /* Storyboards */ = {
			isa = PBXGroup;
			children = (
				079BE9F5268F5D4100A8FD4D /* Main.storyboard */,
				079BE9FA268F5D4200A8FD4D /* LaunchScreen.storyboard */,
				072FB3A92691F94B00886508 /* SplashScreen.storyboard */,
				07F7B70926A46B20004F321B /* CharacterDetail.storyboard */,
			);
			path = Storyboards;
			sourceTree = "<group>";
		};
		0770524826A0FFE200782A49 /* Views */ = {
			isa = PBXGroup;
			children = (
				0770524926A1001900782A49 /* CharacterCell.xib */,
			);
			path = Views;
			sourceTree = "<group>";
		};
		079BE9E3268F5D4100A8FD4D = {
			isa = PBXGroup;
			children = (
				079BEA56268F65B500A8FD4D /* MarvelManagers */,
				079BE9EE268F5D4100A8FD4D /* MarvelCode */,
				079BEA05268F5D4200A8FD4D /* MarvelCodeTests */,
				079BEA10268F5D4200A8FD4D /* MarvelCodeUITests */,
				079BE9ED268F5D4100A8FD4D /* Products */,
				079BEA5A268F65DF00A8FD4D /* Frameworks */,
			);
			sourceTree = "<group>";
		};
		079BE9ED268F5D4100A8FD4D /* Products */ = {
			isa = PBXGroup;
			children = (
				079BE9EC268F5D4100A8FD4D /* MarvelCode.app */,
				079BEA02268F5D4200A8FD4D /* MarvelCodeTests.xctest */,
				079BEA0D268F5D4200A8FD4D /* MarvelCodeUITests.xctest */,
			);
			name = Products;
			sourceTree = "<group>";
		};
		079BE9EE268F5D4100A8FD4D /* MarvelCode */ = {
			isa = PBXGroup;
			children = (
				07B3688D268F6AAC004F9896 /* Interface */,
				079BEA54268F5ED600A8FD4D /* Source */,
				079BE9F8268F5D4200A8FD4D /* Assets.xcassets */,
				079BE9FD268F5D4200A8FD4D /* Info.plist */,
				07B0C81426964AA300A049A4 /* Config.xcconfig */,
				070B639E26AB1747009B59F7 /* Localizable.strings */,
			);
			path = MarvelCode;
			sourceTree = "<group>";
		};
		079BEA05268F5D4200A8FD4D /* MarvelCodeTests */ = {
			isa = PBXGroup;
			children = (
				079BEA06268F5D4200A8FD4D /* MarvelCodeTests.swift */,
				079BEA08268F5D4200A8FD4D /* Info.plist */,
			);
			path = MarvelCodeTests;
			sourceTree = "<group>";
		};
		079BEA10268F5D4200A8FD4D /* MarvelCodeUITests */ = {
			isa = PBXGroup;
			children = (
				079BEA11268F5D4200A8FD4D /* MarvelCodeUITests.swift */,
				079BEA13268F5D4200A8FD4D /* Info.plist */,
			);
			path = MarvelCodeUITests;
			sourceTree = "<group>";
		};
		079BEA54268F5ED600A8FD4D /* Source */ = {
			isa = PBXGroup;
			children = (
				07F7B71726A6261C004F321B /* Architecture */,
				0705EBE426A62ECF00604583 /* LocalManagers */,
				07F7B70226A31FD6004F321B /* Commons */,
				072FB3FD2695073800886508 /* CustomClasses */,
				07B3688E268F6AF4004F9896 /* Delegates */,
				072FB3F02694F7BE00886508 /* Router.swift */,
				072FB40B269510B900886508 /* Constants.swift */,
			);
			path = Source;
			sourceTree = "<group>";
		};
		079BEA5A268F65DF00A8FD4D /* Frameworks */ = {
			isa = PBXGroup;
			children = (
			);
			name = Frameworks;
			sourceTree = "<group>";
		};
		07B3688D268F6AAC004F9896 /* Interface */ = {
			isa = PBXGroup;
			children = (
				0770524826A0FFE200782A49 /* Views */,
				0770524726A0FFD500782A49 /* Storyboards */,
			);
			path = Interface;
			sourceTree = "<group>";
		};
		07B3688E268F6AF4004F9896 /* Delegates */ = {
			isa = PBXGroup;
			children = (
				079BE9EF268F5D4100A8FD4D /* AppDelegate.swift */,
			);
			path = Delegates;
			sourceTree = "<group>";
		};
		07F7B70226A31FD6004F321B /* Commons */ = {
			isa = PBXGroup;
			children = (
				07F7B70326A32021004F321B /* BaseViewController.swift */,
			);
			path = Commons;
			sourceTree = "<group>";
		};
		07F7B70E26A62524004F321B /* Views */ = {
			isa = PBXGroup;
			children = (
				0770527C26A1083000782A49 /* CharacterCell.swift */,
				072FB3D42693AC3E00886508 /* MainView.swift */,
				072FB3F72694FFDD00886508 /* CharacterDetailView.swift */,
				079BE9F3268F5D4100A8FD4D /* SplashScreenView.swift */,
			);
			path = Views;
			sourceTree = "<group>";
		};
		07F7B70F26A62530004F321B /* ViewModels */ = {
			isa = PBXGroup;
			children = (
				072FB3DA2693AC4B00886508 /* MainViewModel.swift */,
				072FB3F62694FFDD00886508 /* CharacterDetailViewModel.swift */,
				072FB3C92693A95400886508 /* SpashScreenViewModel.swift */,
			);
			path = ViewModels;
			sourceTree = "<group>";
		};
		07F7B71026A62548004F321B /* Models */ = {
			isa = PBXGroup;
			children = (
				072FB3F52694FFDD00886508 /* Result.swift */,
				072FB3CD2693A96A00886508 /* DataClass.swift */,
				072FB3DE2693AC5A00886508 /* URLElement.swift */,
				07F7B71C26A627E8004F321B /* MarvelResponse.swift */,
				07F7B72226A62827004F321B /* Comics.swift */,
				07F7B72626A62854004F321B /* Stories.swift */,
				07F7B72A26A6287B004F321B /* Thumbnail.swift */,
				07CBFAEE26AA3E8400FA06CF /* APIParams.swift */,
			);
			path = Models;
			sourceTree = "<group>";
		};
		07F7B71726A6261C004F321B /* Architecture */ = {
			isa = PBXGroup;
			children = (
				07F7B71026A62548004F321B /* Models */,
				07F7B70E26A62524004F321B /* Views */,
				07F7B70F26A62530004F321B /* ViewModels */,
			);
			path = Architecture;
			sourceTree = "<group>";
		};
/* End PBXGroup section */

/* Begin PBXNativeTarget section */
		079BE9EB268F5D4100A8FD4D /* MarvelCode */ = {
			isa = PBXNativeTarget;
			buildConfigurationList = 079BEA16268F5D4200A8FD4D /* Build configuration list for PBXNativeTarget "MarvelCode" */;
			buildPhases = (
				079BE9E8268F5D4100A8FD4D /* Sources */,
				079BE9E9268F5D4100A8FD4D /* Frameworks */,
				079BE9EA268F5D4100A8FD4D /* Resources */,
				07B3689B26918AA9004F9896 /* Embed Frameworks */,
			);
			buildRules = (
			);
			dependencies = (
			);
			name = MarvelCode;
			packageProductDependencies = (
				072FB3E22693B4DB00886508 /* ConnectionManager */,
				072FB3EB2693B4DB00886508 /* ReachabilityManager */,
				072FB411269514C800886508 /* Helpers */,
				077782A9269C8B1A0065248D /* Alamofire */,
				077782AE269C8FA20065248D /* IntegirtySwift */,
				077782B8269DE6B10065248D /* CryptoSwift */,
				0770523626A0F9A300782A49 /* SimplyLogger */,
				0770523B26A0F9D200782A49 /* SwiftMagicHelpers */,
				0770524326A0FC3300782A49 /* MarvelUIKitManager */,
			);
			productName = MarvelCode;
			productReference = 079BE9EC268F5D4100A8FD4D /* MarvelCode.app */;
			productType = "com.apple.product-type.application";
		};
		079BEA01268F5D4200A8FD4D /* MarvelCodeTests */ = {
			isa = PBXNativeTarget;
			buildConfigurationList = 079BEA19268F5D4200A8FD4D /* Build configuration list for PBXNativeTarget "MarvelCodeTests" */;
			buildPhases = (
				079BE9FE268F5D4200A8FD4D /* Sources */,
				079BE9FF268F5D4200A8FD4D /* Frameworks */,
				079BEA00268F5D4200A8FD4D /* Resources */,
			);
			buildRules = (
			);
			dependencies = (
				079BEA04268F5D4200A8FD4D /* PBXTargetDependency */,
			);
			name = MarvelCodeTests;
			productName = MarvelCodeTests;
			productReference = 079BEA02268F5D4200A8FD4D /* MarvelCodeTests.xctest */;
			productType = "com.apple.product-type.bundle.unit-test";
		};
		079BEA0C268F5D4200A8FD4D /* MarvelCodeUITests */ = {
			isa = PBXNativeTarget;
			buildConfigurationList = 079BEA1C268F5D4200A8FD4D /* Build configuration list for PBXNativeTarget "MarvelCodeUITests" */;
			buildPhases = (
				079BEA09268F5D4200A8FD4D /* Sources */,
				079BEA0A268F5D4200A8FD4D /* Frameworks */,
				079BEA0B268F5D4200A8FD4D /* Resources */,
			);
			buildRules = (
			);
			dependencies = (
				079BEA0F268F5D4200A8FD4D /* PBXTargetDependency */,
			);
			name = MarvelCodeUITests;
			productName = MarvelCodeUITests;
			productReference = 079BEA0D268F5D4200A8FD4D /* MarvelCodeUITests.xctest */;
			productType = "com.apple.product-type.bundle.ui-testing";
		};
/* End PBXNativeTarget section */

/* Begin PBXProject section */
		079BE9E4268F5D4100A8FD4D /* Project object */ = {
			isa = PBXProject;
			attributes = {
				LastSwiftUpdateCheck = 1240;
				LastUpgradeCheck = 1240;
				TargetAttributes = {
					079BE9EB268F5D4100A8FD4D = {
						CreatedOnToolsVersion = 12.4;
					};
					079BEA01268F5D4200A8FD4D = {
						CreatedOnToolsVersion = 12.4;
						TestTargetID = 079BE9EB268F5D4100A8FD4D;
					};
					079BEA0C268F5D4200A8FD4D = {
						CreatedOnToolsVersion = 12.4;
						TestTargetID = 079BE9EB268F5D4100A8FD4D;
					};
				};
			};
			buildConfigurationList = 079BE9E7268F5D4100A8FD4D /* Build configuration list for PBXProject "MarvelCode" */;
			compatibilityVersion = "Xcode 9.3";
			developmentRegion = en;
			hasScannedForEncodings = 0;
			knownRegions = (
				en,
				Base,
			);
			mainGroup = 079BE9E3268F5D4100A8FD4D;
			packageReferences = (
				077782A8269C8B1A0065248D /* XCRemoteSwiftPackageReference "Alamofire" */,
				077782AD269C8FA20065248D /* XCRemoteSwiftPackageReference "IntegritySwift" */,
				077782B7269DE6B10065248D /* XCRemoteSwiftPackageReference "CryptoSwift" */,
				0770523526A0F9A300782A49 /* XCRemoteSwiftPackageReference "SimplyLogger" */,
				0770523A26A0F9D200782A49 /* XCRemoteSwiftPackageReference "SwiftMagicHelpers" */,
			);
			productRefGroup = 079BE9ED268F5D4100A8FD4D /* Products */;
			projectDirPath = "";
			projectRoot = "";
			targets = (
				079BE9EB268F5D4100A8FD4D /* MarvelCode */,
				079BEA01268F5D4200A8FD4D /* MarvelCodeTests */,
				079BEA0C268F5D4200A8FD4D /* MarvelCodeUITests */,
			);
		};
/* End PBXProject section */

/* Begin PBXResourcesBuildPhase section */
		079BE9EA268F5D4100A8FD4D /* Resources */ = {
			isa = PBXResourcesBuildPhase;
			buildActionMask = 2147483647;
			files = (
				079BE9FC268F5D4200A8FD4D /* LaunchScreen.storyboard in Resources */,
				072FB3AA2691F94B00886508 /* SplashScreen.storyboard in Resources */,
				0770524A26A1001900782A49 /* CharacterCell.xib in Resources */,
				070B639F26AB1747009B59F7 /* Localizable.strings in Resources */,
				07F7B70A26A46B20004F321B /* CharacterDetail.storyboard in Resources */,
				079BE9F9268F5D4200A8FD4D /* Assets.xcassets in Resources */,
				079BE9F7268F5D4100A8FD4D /* Main.storyboard in Resources */,
			);
			runOnlyForDeploymentPostprocessing = 0;
		};
		079BEA00268F5D4200A8FD4D /* Resources */ = {
			isa = PBXResourcesBuildPhase;
			buildActionMask = 2147483647;
			files = (
			);
			runOnlyForDeploymentPostprocessing = 0;
		};
		079BEA0B268F5D4200A8FD4D /* Resources */ = {
			isa = PBXResourcesBuildPhase;
			buildActionMask = 2147483647;
			files = (
			);
			runOnlyForDeploymentPostprocessing = 0;
		};
/* End PBXResourcesBuildPhase section */

/* Begin PBXSourcesBuildPhase section */
		079BE9E8268F5D4100A8FD4D /* Sources */ = {
			isa = PBXSourcesBuildPhase;
			buildActionMask = 2147483647;
			files = (
				0770527D26A1083000782A49 /* CharacterCell.swift in Sources */,
				072FB3F12694F7BE00886508 /* Router.swift in Sources */,
				072FB3FA2694FFDD00886508 /* CharacterDetailView.swift in Sources */,
				072FB3FF2695074D00886508 /* ReplaceSegue.swift in Sources */,
				072FB3F82694FFDD00886508 /* Result.swift in Sources */,
				0705EBE626A62EF300604583 /* MarvelAPIManager.swift in Sources */,
				07F7B72726A62854004F321B /* Stories.swift in Sources */,
				072FB3CA2693A95400886508 /* SpashScreenViewModel.swift in Sources */,
				072FB3CE2693A96A00886508 /* DataClass.swift in Sources */,
				079BE9F4268F5D4100A8FD4D /* SplashScreenView.swift in Sources */,
				072FB40C269510B900886508 /* Constants.swift in Sources */,
				07F7B71D26A627E9004F321B /* MarvelResponse.swift in Sources */,
				072FB3DF2693AC5A00886508 /* URLElement.swift in Sources */,
				07CBFAEF26AA3E8400FA06CF /* APIParams.swift in Sources */,
				072FB3D52693AC3E00886508 /* MainView.swift in Sources */,
				072FB3F92694FFDD00886508 /* CharacterDetailViewModel.swift in Sources */,
				07F7B70426A32021004F321B /* BaseViewController.swift in Sources */,
				079BE9F0268F5D4100A8FD4D /* AppDelegate.swift in Sources */,
				072FB3DB2693AC4B00886508 /* MainViewModel.swift in Sources */,
				07F7B72B26A6287B004F321B /* Thumbnail.swift in Sources */,
				07F7B72326A62827004F321B /* Comics.swift in Sources */,
			);
			runOnlyForDeploymentPostprocessing = 0;
		};
		079BE9FE268F5D4200A8FD4D /* Sources */ = {
			isa = PBXSourcesBuildPhase;
			buildActionMask = 2147483647;
			files = (
				079BEA07268F5D4200A8FD4D /* MarvelCodeTests.swift in Sources */,
			);
			runOnlyForDeploymentPostprocessing = 0;
		};
		079BEA09268F5D4200A8FD4D /* Sources */ = {
			isa = PBXSourcesBuildPhase;
			buildActionMask = 2147483647;
			files = (
				079BEA12268F5D4200A8FD4D /* MarvelCodeUITests.swift in Sources */,
			);
			runOnlyForDeploymentPostprocessing = 0;
		};
/* End PBXSourcesBuildPhase section */

/* Begin PBXTargetDependency section */
		079BEA04268F5D4200A8FD4D /* PBXTargetDependency */ = {
			isa = PBXTargetDependency;
			target = 079BE9EB268F5D4100A8FD4D /* MarvelCode */;
			targetProxy = 079BEA03268F5D4200A8FD4D /* PBXContainerItemProxy */;
		};
		079BEA0F268F5D4200A8FD4D /* PBXTargetDependency */ = {
			isa = PBXTargetDependency;
			target = 079BE9EB268F5D4100A8FD4D /* MarvelCode */;
			targetProxy = 079BEA0E268F5D4200A8FD4D /* PBXContainerItemProxy */;
		};
/* End PBXTargetDependency section */

/* Begin PBXVariantGroup section */
		079BE9F5268F5D4100A8FD4D /* Main.storyboard */ = {
			isa = PBXVariantGroup;
			children = (
				079BE9F6268F5D4100A8FD4D /* Base */,
			);
			name = Main.storyboard;
			sourceTree = "<group>";
		};
		079BE9FA268F5D4200A8FD4D /* LaunchScreen.storyboard */ = {
			isa = PBXVariantGroup;
			children = (
				079BE9FB268F5D4200A8FD4D /* Base */,
			);
			name = LaunchScreen.storyboard;
			sourceTree = "<group>";
		};
/* End PBXVariantGroup section */

/* Begin XCBuildConfiguration section */
		079BEA14268F5D4200A8FD4D /* Debug */ = {
			isa = XCBuildConfiguration;
			baseConfigurationReference = 07B0C81426964AA300A049A4 /* Config.xcconfig */;
			buildSettings = {
				ALWAYS_SEARCH_USER_PATHS = NO;
				CLANG_ANALYZER_NONNULL = YES;
				CLANG_ANALYZER_NUMBER_OBJECT_CONVERSION = YES_AGGRESSIVE;
				CLANG_CXX_LANGUAGE_STANDARD = "gnu++14";
				CLANG_CXX_LIBRARY = "libc++";
				CLANG_ENABLE_MODULES = YES;
				CLANG_ENABLE_OBJC_ARC = YES;
				CLANG_ENABLE_OBJC_WEAK = YES;
				CLANG_WARN_BLOCK_CAPTURE_AUTORELEASING = YES;
				CLANG_WARN_BOOL_CONVERSION = YES;
				CLANG_WARN_COMMA = YES;
				CLANG_WARN_CONSTANT_CONVERSION = YES;
				CLANG_WARN_DEPRECATED_OBJC_IMPLEMENTATIONS = YES;
				CLANG_WARN_DIRECT_OBJC_ISA_USAGE = YES_ERROR;
				CLANG_WARN_DOCUMENTATION_COMMENTS = YES;
				CLANG_WARN_EMPTY_BODY = YES;
				CLANG_WARN_ENUM_CONVERSION = YES;
				CLANG_WARN_INFINITE_RECURSION = YES;
				CLANG_WARN_INT_CONVERSION = YES;
				CLANG_WARN_NON_LITERAL_NULL_CONVERSION = YES;
				CLANG_WARN_OBJC_IMPLICIT_RETAIN_SELF = YES;
				CLANG_WARN_OBJC_LITERAL_CONVERSION = YES;
				CLANG_WARN_OBJC_ROOT_CLASS = YES_ERROR;
				CLANG_WARN_QUOTED_INCLUDE_IN_FRAMEWORK_HEADER = YES;
				CLANG_WARN_RANGE_LOOP_ANALYSIS = YES;
				CLANG_WARN_STRICT_PROTOTYPES = YES;
				CLANG_WARN_SUSPICIOUS_MOVE = YES;
				CLANG_WARN_UNGUARDED_AVAILABILITY = YES_AGGRESSIVE;
				CLANG_WARN_UNREACHABLE_CODE = YES;
				CLANG_WARN__DUPLICATE_METHOD_MATCH = YES;
				COPY_PHASE_STRIP = NO;
				DEBUG_INFORMATION_FORMAT = dwarf;
				ENABLE_STRICT_OBJC_MSGSEND = YES;
				ENABLE_TESTABILITY = YES;
				GCC_C_LANGUAGE_STANDARD = gnu11;
				GCC_DYNAMIC_NO_PIC = NO;
				GCC_NO_COMMON_BLOCKS = YES;
				GCC_OPTIMIZATION_LEVEL = 0;
				GCC_PREPROCESSOR_DEFINITIONS = (
					"DEBUG=1",
					"$(inherited)",
				);
				GCC_WARN_64_TO_32_BIT_CONVERSION = YES;
				GCC_WARN_ABOUT_RETURN_TYPE = YES_ERROR;
				GCC_WARN_UNDECLARED_SELECTOR = YES;
				GCC_WARN_UNINITIALIZED_AUTOS = YES_AGGRESSIVE;
				GCC_WARN_UNUSED_FUNCTION = YES;
				GCC_WARN_UNUSED_VARIABLE = YES;
				IPHONEOS_DEPLOYMENT_TARGET = 14.4;
				MTL_ENABLE_DEBUG_INFO = INCLUDE_SOURCE;
				MTL_FAST_MATH = YES;
				ONLY_ACTIVE_ARCH = YES;
				SDKROOT = iphoneos;
				SWIFT_ACTIVE_COMPILATION_CONDITIONS = DEBUG;
				SWIFT_OPTIMIZATION_LEVEL = "-Onone";
			};
			name = Debug;
		};
		079BEA15268F5D4200A8FD4D /* Release */ = {
			isa = XCBuildConfiguration;
			baseConfigurationReference = 07B0C81426964AA300A049A4 /* Config.xcconfig */;
			buildSettings = {
				ALWAYS_SEARCH_USER_PATHS = NO;
				CLANG_ANALYZER_NONNULL = YES;
				CLANG_ANALYZER_NUMBER_OBJECT_CONVERSION = YES_AGGRESSIVE;
				CLANG_CXX_LANGUAGE_STANDARD = "gnu++14";
				CLANG_CXX_LIBRARY = "libc++";
				CLANG_ENABLE_MODULES = YES;
				CLANG_ENABLE_OBJC_ARC = YES;
				CLANG_ENABLE_OBJC_WEAK = YES;
				CLANG_WARN_BLOCK_CAPTURE_AUTORELEASING = YES;
				CLANG_WARN_BOOL_CONVERSION = YES;
				CLANG_WARN_COMMA = YES;
				CLANG_WARN_CONSTANT_CONVERSION = YES;
				CLANG_WARN_DEPRECATED_OBJC_IMPLEMENTATIONS = YES;
				CLANG_WARN_DIRECT_OBJC_ISA_USAGE = YES_ERROR;
				CLANG_WARN_DOCUMENTATION_COMMENTS = YES;
				CLANG_WARN_EMPTY_BODY = YES;
				CLANG_WARN_ENUM_CONVERSION = YES;
				CLANG_WARN_INFINITE_RECURSION = YES;
				CLANG_WARN_INT_CONVERSION = YES;
				CLANG_WARN_NON_LITERAL_NULL_CONVERSION = YES;
				CLANG_WARN_OBJC_IMPLICIT_RETAIN_SELF = YES;
				CLANG_WARN_OBJC_LITERAL_CONVERSION = YES;
				CLANG_WARN_OBJC_ROOT_CLASS = YES_ERROR;
				CLANG_WARN_QUOTED_INCLUDE_IN_FRAMEWORK_HEADER = YES;
				CLANG_WARN_RANGE_LOOP_ANALYSIS = YES;
				CLANG_WARN_STRICT_PROTOTYPES = YES;
				CLANG_WARN_SUSPICIOUS_MOVE = YES;
				CLANG_WARN_UNGUARDED_AVAILABILITY = YES_AGGRESSIVE;
				CLANG_WARN_UNREACHABLE_CODE = YES;
				CLANG_WARN__DUPLICATE_METHOD_MATCH = YES;
				COPY_PHASE_STRIP = NO;
				DEBUG_INFORMATION_FORMAT = "dwarf-with-dsym";
				ENABLE_NS_ASSERTIONS = NO;
				ENABLE_STRICT_OBJC_MSGSEND = YES;
				GCC_C_LANGUAGE_STANDARD = gnu11;
				GCC_NO_COMMON_BLOCKS = YES;
				GCC_WARN_64_TO_32_BIT_CONVERSION = YES;
				GCC_WARN_ABOUT_RETURN_TYPE = YES_ERROR;
				GCC_WARN_UNDECLARED_SELECTOR = YES;
				GCC_WARN_UNINITIALIZED_AUTOS = YES_AGGRESSIVE;
				GCC_WARN_UNUSED_FUNCTION = YES;
				GCC_WARN_UNUSED_VARIABLE = YES;
				IPHONEOS_DEPLOYMENT_TARGET = 14.4;
				MTL_ENABLE_DEBUG_INFO = NO;
				MTL_FAST_MATH = YES;
				SDKROOT = iphoneos;
				SWIFT_COMPILATION_MODE = wholemodule;
				SWIFT_OPTIMIZATION_LEVEL = "-O";
				VALIDATE_PRODUCT = YES;
			};
			name = Release;
		};
		079BEA17268F5D4200A8FD4D /* Debug */ = {
			isa = XCBuildConfiguration;
			buildSettings = {
				ASSETCATALOG_COMPILER_APPICON_NAME = AppIcon;
				ASSETCATALOG_COMPILER_GLOBAL_ACCENT_COLOR_NAME = AccentColor;
				CODE_SIGN_STYLE = Automatic;
				DEVELOPMENT_TEAM = Z844BG28G2;
				INFOPLIST_FILE = MarvelCode/Info.plist;
				LD_RUNPATH_SEARCH_PATHS = (
					"$(inherited)",
					"@executable_path/Frameworks",
				);
				PRODUCT_BUNDLE_IDENTIFIER = com.codenationdev.MarvelCode;
				PRODUCT_NAME = "$(TARGET_NAME)";
				SWIFT_VERSION = 5.0;
				TARGETED_DEVICE_FAMILY = 1;
			};
			name = Debug;
		};
		079BEA18268F5D4200A8FD4D /* Release */ = {
			isa = XCBuildConfiguration;
			buildSettings = {
				ASSETCATALOG_COMPILER_APPICON_NAME = AppIcon;
				ASSETCATALOG_COMPILER_GLOBAL_ACCENT_COLOR_NAME = AccentColor;
				CODE_SIGN_STYLE = Automatic;
				DEVELOPMENT_TEAM = Z844BG28G2;
				INFOPLIST_FILE = MarvelCode/Info.plist;
				LD_RUNPATH_SEARCH_PATHS = (
					"$(inherited)",
					"@executable_path/Frameworks",
				);
				PRODUCT_BUNDLE_IDENTIFIER = com.codenationdev.MarvelCode;
				PRODUCT_NAME = "$(TARGET_NAME)";
				SWIFT_VERSION = 5.0;
				TARGETED_DEVICE_FAMILY = 1;
			};
			name = Release;
		};
		079BEA1A268F5D4200A8FD4D /* Debug */ = {
			isa = XCBuildConfiguration;
			buildSettings = {
				ALWAYS_EMBED_SWIFT_STANDARD_LIBRARIES = YES;
				BUNDLE_LOADER = "$(TEST_HOST)";
				CODE_SIGN_STYLE = Automatic;
				DEVELOPMENT_TEAM = Z844BG28G2;
				INFOPLIST_FILE = MarvelCodeTests/Info.plist;
				IPHONEOS_DEPLOYMENT_TARGET = 14.4;
				LD_RUNPATH_SEARCH_PATHS = (
					"$(inherited)",
					"@executable_path/Frameworks",
					"@loader_path/Frameworks",
				);
				PRODUCT_BUNDLE_IDENTIFIER = com.codenationdev.MarvelCodeTests;
				PRODUCT_NAME = "$(TARGET_NAME)";
				SWIFT_VERSION = 5.0;
				TARGETED_DEVICE_FAMILY = "1,2";
				TEST_HOST = "$(BUILT_PRODUCTS_DIR)/MarvelCode.app/MarvelCode";
			};
			name = Debug;
		};
		079BEA1B268F5D4200A8FD4D /* Release */ = {
			isa = XCBuildConfiguration;
			buildSettings = {
				ALWAYS_EMBED_SWIFT_STANDARD_LIBRARIES = YES;
				BUNDLE_LOADER = "$(TEST_HOST)";
				CODE_SIGN_STYLE = Automatic;
				DEVELOPMENT_TEAM = Z844BG28G2;
				INFOPLIST_FILE = MarvelCodeTests/Info.plist;
				IPHONEOS_DEPLOYMENT_TARGET = 14.4;
				LD_RUNPATH_SEARCH_PATHS = (
					"$(inherited)",
					"@executable_path/Frameworks",
					"@loader_path/Frameworks",
				);
				PRODUCT_BUNDLE_IDENTIFIER = com.codenationdev.MarvelCodeTests;
				PRODUCT_NAME = "$(TARGET_NAME)";
				SWIFT_VERSION = 5.0;
				TARGETED_DEVICE_FAMILY = "1,2";
				TEST_HOST = "$(BUILT_PRODUCTS_DIR)/MarvelCode.app/MarvelCode";
			};
			name = Release;
		};
		079BEA1D268F5D4200A8FD4D /* Debug */ = {
			isa = XCBuildConfiguration;
			buildSettings = {
				ALWAYS_EMBED_SWIFT_STANDARD_LIBRARIES = YES;
				CODE_SIGN_STYLE = Automatic;
				DEVELOPMENT_TEAM = Z844BG28G2;
				INFOPLIST_FILE = MarvelCodeUITests/Info.plist;
				LD_RUNPATH_SEARCH_PATHS = (
					"$(inherited)",
					"@executable_path/Frameworks",
					"@loader_path/Frameworks",
				);
				PRODUCT_BUNDLE_IDENTIFIER = com.codenationdev.MarvelCodeUITests;
				PRODUCT_NAME = "$(TARGET_NAME)";
				SWIFT_VERSION = 5.0;
				TARGETED_DEVICE_FAMILY = "1,2";
				TEST_TARGET_NAME = MarvelCode;
			};
			name = Debug;
		};
		079BEA1E268F5D4200A8FD4D /* Release */ = {
			isa = XCBuildConfiguration;
			buildSettings = {
				ALWAYS_EMBED_SWIFT_STANDARD_LIBRARIES = YES;
				CODE_SIGN_STYLE = Automatic;
				DEVELOPMENT_TEAM = Z844BG28G2;
				INFOPLIST_FILE = MarvelCodeUITests/Info.plist;
				LD_RUNPATH_SEARCH_PATHS = (
					"$(inherited)",
					"@executable_path/Frameworks",
					"@loader_path/Frameworks",
				);
				PRODUCT_BUNDLE_IDENTIFIER = com.codenationdev.MarvelCodeUITests;
				PRODUCT_NAME = "$(TARGET_NAME)";
				SWIFT_VERSION = 5.0;
				TARGETED_DEVICE_FAMILY = "1,2";
				TEST_TARGET_NAME = MarvelCode;
			};
			name = Release;
		};
/* End XCBuildConfiguration section */

/* Begin XCConfigurationList section */
		079BE9E7268F5D4100A8FD4D /* Build configuration list for PBXProject "MarvelCode" */ = {
			isa = XCConfigurationList;
			buildConfigurations = (
				079BEA14268F5D4200A8FD4D /* Debug */,
				079BEA15268F5D4200A8FD4D /* Release */,
			);
			defaultConfigurationIsVisible = 0;
			defaultConfigurationName = Release;
		};
		079BEA16268F5D4200A8FD4D /* Build configuration list for PBXNativeTarget "MarvelCode" */ = {
			isa = XCConfigurationList;
			buildConfigurations = (
				079BEA17268F5D4200A8FD4D /* Debug */,
				079BEA18268F5D4200A8FD4D /* Release */,
			);
			defaultConfigurationIsVisible = 0;
			defaultConfigurationName = Release;
		};
		079BEA19268F5D4200A8FD4D /* Build configuration list for PBXNativeTarget "MarvelCodeTests" */ = {
			isa = XCConfigurationList;
			buildConfigurations = (
				079BEA1A268F5D4200A8FD4D /* Debug */,
				079BEA1B268F5D4200A8FD4D /* Release */,
			);
			defaultConfigurationIsVisible = 0;
			defaultConfigurationName = Release;
		};
		079BEA1C268F5D4200A8FD4D /* Build configuration list for PBXNativeTarget "MarvelCodeUITests" */ = {
			isa = XCConfigurationList;
			buildConfigurations = (
				079BEA1D268F5D4200A8FD4D /* Debug */,
				079BEA1E268F5D4200A8FD4D /* Release */,
			);
			defaultConfigurationIsVisible = 0;
			defaultConfigurationName = Release;
		};
/* End XCConfigurationList section */

/* Begin XCRemoteSwiftPackageReference section */
		0770523526A0F9A300782A49 /* XCRemoteSwiftPackageReference "SimplyLogger" */ = {
			isa = XCRemoteSwiftPackageReference;
			repositoryURL = "https://github.com/CodeNationDev/SimplyLogger.git";
			requirement = {
				kind = exactVersion;
				version = 0.0.7;
			};
		};
		0770523A26A0F9D200782A49 /* XCRemoteSwiftPackageReference "SwiftMagicHelpers" */ = {
			isa = XCRemoteSwiftPackageReference;
			repositoryURL = "https://github.com/CodeNationDev/SwiftMagicHelpers.git";
			requirement = {
				branch = develop;
				kind = branch;
			};
		};
		077782A8269C8B1A0065248D /* XCRemoteSwiftPackageReference "Alamofire" */ = {
			isa = XCRemoteSwiftPackageReference;
			repositoryURL = "https://github.com/Alamofire/Alamofire.git";
			requirement = {
				kind = exactVersion;
				version = 5.4.3;
			};
		};
		077782AD269C8FA20065248D /* XCRemoteSwiftPackageReference "IntegritySwift" */ = {
			isa = XCRemoteSwiftPackageReference;
			repositoryURL = "https://github.com/CodeNationDev/IntegritySwift.git";
			requirement = {
				kind = exactVersion;
				version = 1.0.0;
			};
		};
		077782B7269DE6B10065248D /* XCRemoteSwiftPackageReference "CryptoSwift" */ = {
			isa = XCRemoteSwiftPackageReference;
			repositoryURL = "https://github.com/krzyzanowskim/CryptoSwift.git";
			requirement = {
				kind = exactVersion;
				version = 1.4.1;
			};
		};
/* End XCRemoteSwiftPackageReference section */

/* Begin XCSwiftPackageProductDependency section */
		072FB3E22693B4DB00886508 /* ConnectionManager */ = {
			isa = XCSwiftPackageProductDependency;
			productName = ConnectionManager;
		};
		072FB3EB2693B4DB00886508 /* ReachabilityManager */ = {
			isa = XCSwiftPackageProductDependency;
			productName = ReachabilityManager;
		};
		072FB411269514C800886508 /* Helpers */ = {
			isa = XCSwiftPackageProductDependency;
			productName = Helpers;
		};
		0770523626A0F9A300782A49 /* SimplyLogger */ = {
			isa = XCSwiftPackageProductDependency;
			package = 0770523526A0F9A300782A49 /* XCRemoteSwiftPackageReference "SimplyLogger" */;
			productName = SimplyLogger;
		};
		0770523B26A0F9D200782A49 /* SwiftMagicHelpers */ = {
			isa = XCSwiftPackageProductDependency;
			package = 0770523A26A0F9D200782A49 /* XCRemoteSwiftPackageReference "SwiftMagicHelpers" */;
			productName = SwiftMagicHelpers;
		};
		0770524326A0FC3300782A49 /* MarvelUIKitManager */ = {
			isa = XCSwiftPackageProductDependency;
			productName = MarvelUIKitManager;
		};
		077782A9269C8B1A0065248D /* Alamofire */ = {
			isa = XCSwiftPackageProductDependency;
			package = 077782A8269C8B1A0065248D /* XCRemoteSwiftPackageReference "Alamofire" */;
			productName = Alamofire;
		};
		077782AE269C8FA20065248D /* IntegirtySwift */ = {
			isa = XCSwiftPackageProductDependency;
			package = 077782AD269C8FA20065248D /* XCRemoteSwiftPackageReference "IntegritySwift" */;
			productName = IntegirtySwift;
		};
		077782B8269DE6B10065248D /* CryptoSwift */ = {
			isa = XCSwiftPackageProductDependency;
			package = 077782B7269DE6B10065248D /* XCRemoteSwiftPackageReference "CryptoSwift" */;
			productName = CryptoSwift;
		};
/* End XCSwiftPackageProductDependency section */
	};
	rootObject = 079BE9E4268F5D4100A8FD4D /* Project object */;
}
